
Microsoft Visual Studio Solution File, Format Version 12.00
Project("{FAE04EC0-301F-11D3-BF4B-00C04F79EFBC}") = "EntityDemo", "EntityDemo\EntityDemo.csproj", "{F5BB775F-01AD-4D71-A0B1-5204BEDCF92B}"
EndProject
Global
	GlobalSection(SolutionConfigurationPlatforms) = preSolution
		Debug|Any CPU = Debug|Any CPU
		Release|Any CPU = Release|Any CPU
	EndGlobalSection
	GlobalSection(ProjectConfigurationPlatforms) = postSolution
		{F5BB775F-01AD-4D71-A0B1-5204BEDCF92B}.Debug|Any CPU.ActiveCfg = Debug|Any CPU
		{F5BB775F-01AD-4D71-A0B1-5204BEDCF92B}.Debug|Any CPU.Build.0 = Debug|Any CPU
		{F5BB775F-01AD-4D71-A0B1-5204BEDCF92B}.Release|Any CPU.ActiveCfg = Release|Any CPU
		{F5BB775F-01AD-4D71-A0B1-5204BEDCF92B}.Release|Any CPU.Build.0 = Release|Any CPU
	EndGlobalSection
EndGlobal
